
Microsoft Visual Studio Solution File, Format Version 12.00
# Visual Studio Version 17
VisualStudioVersion = 17.7.34018.315
MinimumVisualStudioVersion = 10.0.40219.1
Project("{FAE04EC0-301F-11D3-BF4B-00C04F79EFBC}") = "Northwind2023_Johannes_Sirugo", "Northwind2023_Johannes_Sirugo.csproj", "{0624C5A2-6D54-4169-959E-FF6321EE06D7}"
EndProject
Global
	GlobalSection(SolutionConfigurationPlatforms) = preSolution
		Debug|Any CPU = Debug|Any CPU
		Release|Any CPU = Release|Any CPU
	EndGlobalSection
	GlobalSection(ProjectConfigurationPlatforms) = postSolution
		{0624C5A2-6D54-4169-959E-FF6321EE06D7}.Debug|Any CPU.ActiveCfg = Debug|Any CPU
		{0624C5A2-6D54-4169-959E-FF6321EE06D7}.Debug|Any CPU.Build.0 = Debug|Any CPU
		{0624C5A2-6D54-4169-959E-FF6321EE06D7}.Release|Any CPU.ActiveCfg = Release|Any CPU
		{0624C5A2-6D54-4169-959E-FF6321EE06D7}.Release|Any CPU.Build.0 = Release|Any CPU
	EndGlobalSection
	GlobalSection(SolutionProperties) = preSolution
		HideSolutionNode = FALSE
	EndGlobalSection
	GlobalSection(ExtensibilityGlobals) = postSolution
		SolutionGuid = {6496A89C-6B5D-4BFC-839A-7F2985480F6E}
	EndGlobalSection
EndGlobal
